// !$*UTF8*$!
{
	archiveVersion = 1;
	classes = {
	};
	objectVersion = 46;
	objects = {

/* Begin PBXBuildFile section */
		2311C2C61F8D58C80069DB17 /* AppDelegate.swift in Sources */ = {isa = PBXBuildFile; fileRef = 2311C2C51F8D58C80069DB17 /* AppDelegate.swift */; };
		2311C2C81F8D58C80069DB17 /* ViewController.swift in Sources */ = {isa = PBXBuildFile; fileRef = 2311C2C71F8D58C80069DB17 /* ViewController.swift */; };
		2311C2CB1F8D58C90069DB17 /* Main.storyboard in Resources */ = {isa = PBXBuildFile; fileRef = 2311C2C91F8D58C90069DB17 /* Main.storyboard */; };
		2311C2CE1F8D58C90069DB17 /* RepoViewer.xcdatamodeld in Sources */ = {isa = PBXBuildFile; fileRef = 2311C2CC1F8D58C90069DB17 /* RepoViewer.xcdatamodeld */; };
		2311C2D01F8D58C90069DB17 /* Assets.xcassets in Resources */ = {isa = PBXBuildFile; fileRef = 2311C2CF1F8D58C90069DB17 /* Assets.xcassets */; };
		2311C2D31F8D58C90069DB17 /* LaunchScreen.storyboard in Resources */ = {isa = PBXBuildFile; fileRef = 2311C2D11F8D58C90069DB17 /* LaunchScreen.storyboard */; };
		2311C2DD1F8D59DE0069DB17 /* ApiConf.swift in Sources */ = {isa = PBXBuildFile; fileRef = 2311C2DC1F8D59DE0069DB17 /* ApiConf.swift */; };
/* End PBXBuildFile section */

/* Begin PBXFileReference section */
		2311C2C21F8D58C80069DB17 /* RepoViewer.app */ = {isa = PBXFileReference; explicitFileType = wrapper.application; includeInIndex = 0; path = RepoViewer.app; sourceTree = BUILT_PRODUCTS_DIR; };
		2311C2C51F8D58C80069DB17 /* AppDelegate.swift */ = {isa = PBXFileReference; lastKnownFileType = sourcecode.swift; path = AppDelegate.swift; sourceTree = "<group>"; };
		2311C2C71F8D58C80069DB17 /* ViewController.swift */ = {isa = PBXFileReference; lastKnownFileType = sourcecode.swift; path = ViewController.swift; sourceTree = "<group>"; };
		2311C2CA1F8D58C90069DB17 /* Base */ = {isa = PBXFileReference; lastKnownFileType = file.storyboard; name = Base; path = Base.lproj/Main.storyboard; sourceTree = "<group>"; };
		2311C2CD1F8D58C90069DB17 /* RepoViewer.xcdatamodel */ = {isa = PBXFileReference; lastKnownFileType = wrapper.xcdatamodel; path = RepoViewer.xcdatamodel; sourceTree = "<group>"; };
		2311C2CF1F8D58C90069DB17 /* Assets.xcassets */ = {isa = PBXFileReference; lastKnownFileType = folder.assetcatalog; path = Assets.xcassets; sourceTree = "<group>"; };
		2311C2D21F8D58C90069DB17 /* Base */ = {isa = PBXFileReference; lastKnownFileType = file.storyboard; name = Base; path = Base.lproj/LaunchScreen.storyboard; sourceTree = "<group>"; };
		2311C2D41F8D58C90069DB17 /* Info.plist */ = {isa = PBXFileReference; lastKnownFileType = text.plist.xml; path = Info.plist; sourceTree = "<group>"; };
		2311C2DC1F8D59DE0069DB17 /* ApiConf.swift */ = {isa = PBXFileReference; fileEncoding = 4; lastKnownFileType = sourcecode.swift; name = ApiConf.swift; path = "Supporting Files/ApiConf.swift"; sourceTree = "<group>"; };
/* End PBXFileReference section */

/* Begin PBXFrameworksBuildPhase section */
		2311C2BF1F8D58C80069DB17 /* Frameworks */ = {
			isa = PBXFrameworksBuildPhase;
			buildActionMask = 2147483647;
			files = (
			);
			runOnlyForDeploymentPostprocessing = 0;
		};
/* End PBXFrameworksBuildPhase section */

/* Begin PBXGroup section */
		2311C2B91F8D58C80069DB17 = {
			isa = PBXGroup;
			children = (
				2311C2C41F8D58C80069DB17 /* RepoViewer */,
				2311C2C31F8D58C80069DB17 /* Products */,
			);
			sourceTree = "<group>";
		};
		2311C2C31F8D58C80069DB17 /* Products */ = {
			isa = PBXGroup;
			children = (
				2311C2C21F8D58C80069DB17 /* RepoViewer.app */,
			);
			name = Products;
			sourceTree = "<group>";
		};
		2311C2C41F8D58C80069DB17 /* RepoViewer */ = {
			isa = PBXGroup;
			children = (
				2311C2C71F8D58C80069DB17 /* ViewController.swift */,
				2311C2C91F8D58C90069DB17 /* Main.storyboard */,
				2311C2CC1F8D58C90069DB17 /* RepoViewer.xcdatamodeld */,
				2311C2DB1F8D59A50069DB17 /* Supporting Files */,
			);
			path = RepoViewer;
			sourceTree = "<group>";
		};
		2311C2DB1F8D59A50069DB17 /* Supporting Files */ = {
			isa = PBXGroup;
			children = (
				2311C2DC1F8D59DE0069DB17 /* ApiConf.swift */,
				2311C2C51F8D58C80069DB17 /* AppDelegate.swift */,
				2311C2CF1F8D58C90069DB17 /* Assets.xcassets */,
				2311C2D11F8D58C90069DB17 /* LaunchScreen.storyboard */,
				2311C2D41F8D58C90069DB17 /* Info.plist */,
			);
			name = "Supporting Files";
			sourceTree = "<group>";
		};
/* End PBXGroup section */

/* Begin PBXNativeTarget section */
		2311C2C11F8D58C80069DB17 /* RepoViewer */ = {
			isa = PBXNativeTarget;
			buildConfigurationList = 2311C2D71F8D58C90069DB17 /* Build configuration list for PBXNativeTarget "RepoViewer" */;
			buildPhases = (
				2311C2BE1F8D58C80069DB17 /* Sources */,
				2311C2BF1F8D58C80069DB17 /* Frameworks */,
				2311C2C01F8D58C80069DB17 /* Resources */,
			);
			buildRules = (
			);
			dependencies = (
			);
			name = RepoViewer;
			productName = RepoViewer;
			productReference = 2311C2C21F8D58C80069DB17 /* RepoViewer.app */;
			productType = "com.apple.product-type.application";
		};
/* End PBXNativeTarget section */

/* Begin PBXProject section */
		2311C2BA1F8D58C80069DB17 /* Project object */ = {
			isa = PBXProject;
			attributes = {
				LastSwiftUpdateCheck = 0810;
				LastUpgradeCheck = 0810;
				ORGANIZATIONNAME = svetrancic;
				TargetAttributes = {
					2311C2C11F8D58C80069DB17 = {
						CreatedOnToolsVersion = 8.1;
						DevelopmentTeam = 524SKWXGKC;
						ProvisioningStyle = Automatic;
					};
				};
			};
			buildConfigurationList = 2311C2BD1F8D58C80069DB17 /* Build configuration list for PBXProject "RepoViewer" */;
			compatibilityVersion = "Xcode 3.2";
			developmentRegion = English;
			hasScannedForEncodings = 0;
			knownRegions = (
				en,
				Base,
			);
			mainGroup = 2311C2B91F8D58C80069DB17;
			productRefGroup = 2311C2C31F8D58C80069DB17 /* Products */;
			projectDirPath = "";
			projectRoot = "";
			targets = (
				2311C2C11F8D58C80069DB17 /* RepoViewer */,
			);
		};
/* End PBXProject section */

/* Begin PBXResourcesBuildPhase section */
		2311C2C01F8D58C80069DB17 /* Resources */ = {
			isa = PBXResourcesBuildPhase;
			buildActionMask = 2147483647;
			files = (
				2311C2D31F8D58C90069DB17 /* LaunchScreen.storyboard in Resources */,
				2311C2D01F8D58C90069DB17 /* Assets.xcassets in Resources */,
				2311C2CB1F8D58C90069DB17 /* Main.storyboard in Resources */,
			);
			runOnlyForDeploymentPostprocessing = 0;
		};
/* End PBXResourcesBuildPhase section */

/* Begin PBXSourcesBuildPhase section */
		2311C2BE1F8D58C80069DB17 /* Sources */ = {
			isa = PBXSourcesBuildPhase;
			buildActionMask = 2147483647;
			files = (
				2311C2DD1F8D59DE0069DB17 /* ApiConf.swift in Sources */,
				2311C2C81F8D58C80069DB17 /* ViewController.swift in Sources */,
				2311C2C61F8D58C80069DB17 /* AppDelegate.swift in Sources */,
				2311C2CE1F8D58C90069DB17 /* RepoViewer.xcdatamodeld in Sources */,
			);
			runOnlyForDeploymentPostprocessing = 0;
		};
/* End PBXSourcesBuildPhase section */

/* Begin PBXVariantGroup section */
		2311C2C91F8D58C90069DB17 /* Main.storyboard */ = {
			isa = PBXVariantGroup;
			children = (
				2311C2CA1F8D58C90069DB17 /* Base */,
			);
			name = Main.storyboard;
			sourceTree = "<group>";
		};
		2311C2D11F8D58C90069DB17 /* LaunchScreen.storyboard */ = {
			isa = PBXVariantGroup;
			children = (
				2311C2D21F8D58C90069DB17 /* Base */,
			);
			name = LaunchScreen.storyboard;
			sourceTree = "<group>";
		};
/* End PBXVariantGroup section */

/* Begin XCBuildConfiguration section */
		2311C2D51F8D58C90069DB17 /* Debug */ = {
			isa = XCBuildConfiguration;
			buildSettings = {
				ALWAYS_SEARCH_USER_PATHS = NO;
				CLANG_ANALYZER_NONNULL = YES;
				CLANG_CXX_LANGUAGE_STANDARD = "gnu++0x";
				CLANG_CXX_LIBRARY = "libc++";
				CLANG_ENABLE_MODULES = YES;
				CLANG_ENABLE_OBJC_ARC = YES;
				CLANG_WARN_BOOL_CONVERSION = YES;
				CLANG_WARN_CONSTANT_CONVERSION = YES;
				CLANG_WARN_DIRECT_OBJC_ISA_USAGE = YES_ERROR;
				CLANG_WARN_DOCUMENTATION_COMMENTS = YES;
				CLANG_WARN_EMPTY_BODY = YES;
				CLANG_WARN_ENUM_CONVERSION = YES;
				CLANG_WARN_INFINITE_RECURSION = YES;
				CLANG_WARN_INT_CONVERSION = YES;
				CLANG_WARN_OBJC_ROOT_CLASS = YES_ERROR;
				CLANG_WARN_SUSPICIOUS_MOVES = YES;
				CLANG_WARN_UNREACHABLE_CODE = YES;
				CLANG_WARN__DUPLICATE_METHOD_MATCH = YES;
				"CODE_SIGN_IDENTITY[sdk=iphoneos*]" = "iPhone Developer";
				COPY_PHASE_STRIP = NO;
				DEBUG_INFORMATION_FORMAT = dwarf;
				ENABLE_STRICT_OBJC_MSGSEND = YES;
				ENABLE_TESTABILITY = YES;
				GCC_C_LANGUAGE_STANDARD = gnu99;
				GCC_DYNAMIC_NO_PIC = NO;
				GCC_NO_COMMON_BLOCKS = YES;
				GCC_OPTIMIZATION_LEVEL = 0;
				GCC_PREPROCESSOR_DEFINITIONS = (
					"DEBUG=1",
					"$(inherited)",
				);
				GCC_WARN_64_TO_32_BIT_CONVERSION = YES;
				GCC_WARN_ABOUT_RETURN_TYPE = YES_ERROR;
				GCC_WARN_UNDECLARED_SELECTOR = YES;
				GCC_WARN_UNINITIALIZED_AUTOS = YES_AGGRESSIVE;
				GCC_WARN_UNUSED_FUNCTION = YES;
				GCC_WARN_UNUSED_VARIABLE = YES;
				IPHONEOS_DEPLOYMENT_TARGET = 10.1;
				MTL_ENABLE_DEBUG_INFO = YES;
				ONLY_ACTIVE_ARCH = YES;
				SDKROOT = iphoneos;
				SWIFT_ACTIVE_COMPILATION_CONDITIONS = DEBUG;
				SWIFT_OPTIMIZATION_LEVEL = "-Onone";
			};
			name = Debug;
		};
		2311C2D61F8D58C90069DB17 /* Release */ = {
			isa = XCBuildConfiguration;
			buildSettings = {
				ALWAYS_SEARCH_USER_PATHS = NO;
				CLANG_ANALYZER_NONNULL = YES;
				CLANG_CXX_LANGUAGE_STANDARD = "gnu++0x";
				CLANG_CXX_LIBRARY = "libc++";
				CLANG_ENABLE_MODULES = YES;
				CLANG_ENABLE_OBJC_ARC = YES;
				CLANG_WARN_BOOL_CONVERSION = YES;
				CLANG_WARN_CONSTANT_CONVERSION = YES;
				CLANG_WARN_DIRECT_OBJC_ISA_USAGE = YES_ERROR;
				CLANG_WARN_DOCUMENTATION_COMMENTS = YES;
				CLANG_WARN_EMPTY_BODY = YES;
				CLANG_WARN_ENUM_CONVERSION = YES;
				CLANG_WARN_INFINITE_RECURSION = YES;
				CLANG_WARN_INT_CONVERSION = YES;
				CLANG_WARN_OBJC_ROOT_CLASS = YES_ERROR;
				CLANG_WARN_SUSPICIOUS_MOVES = YES;
				CLANG_WARN_UNREACHABLE_CODE = YES;
				CLANG_WARN__DUPLICATE_METHOD_MATCH = YES;
				"CODE_SIGN_IDENTITY[sdk=iphoneos*]" = "iPhone Developer";
				COPY_PHASE_STRIP = NO;
				DEBUG_INFORMATION_FORMAT = "dwarf-with-dsym";
				ENABLE_NS_ASSERTIONS = NO;
				ENABLE_STRICT_OBJC_MSGSEND = YES;
				GCC_C_LANGUAGE_STANDARD = gnu99;
				GCC_NO_COMMON_BLOCKS = YES;
				GCC_WARN_64_TO_32_BIT_CONVERSION = YES;
				GCC_WARN_ABOUT_RETURN_TYPE = YES_ERROR;
				GCC_WARN_UNDECLARED_SELECTOR = YES;
				GCC_WARN_UNINITIALIZED_AUTOS = YES_AGGRESSIVE;
				GCC_WARN_UNUSED_FUNCTION = YES;
				GCC_WARN_UNUSED_VARIABLE = YES;
				IPHONEOS_DEPLOYMENT_TARGET = 10.1;
				MTL_ENABLE_DEBUG_INFO = NO;
				SDKROOT = iphoneos;
				SWIFT_OPTIMIZATION_LEVEL = "-Owholemodule";
				VALIDATE_PRODUCT = YES;
			};
			name = Release;
		};
		2311C2D81F8D58C90069DB17 /* Debug */ = {
			isa = XCBuildConfiguration;
			buildSettings = {
				ASSETCATALOG_COMPILER_APPICON_NAME = AppIcon;
				DEVELOPMENT_TEAM = 524SKWXGKC;
				INFOPLIST_FILE = RepoViewer/Info.plist;
				LD_RUNPATH_SEARCH_PATHS = "$(inherited) @executable_path/Frameworks";
				PRODUCT_BUNDLE_IDENTIFIER = edu.elfak.svetrancic.RepoViewer;
				PRODUCT_NAME = "$(TARGET_NAME)";
				SWIFT_VERSION = 3.0;
			};
			name = Debug;
		};
		2311C2D91F8D58C90069DB17 /* Release */ = {
			isa = XCBuildConfiguration;
			buildSettings = {
				ASSETCATALOG_COMPILER_APPICON_NAME = AppIcon;
				DEVELOPMENT_TEAM = 524SKWXGKC;
				INFOPLIST_FILE = RepoViewer/Info.plist;
				LD_RUNPATH_SEARCH_PATHS = "$(inherited) @executable_path/Frameworks";
				PRODUCT_BUNDLE_IDENTIFIER = edu.elfak.svetrancic.RepoViewer;
				PRODUCT_NAME = "$(TARGET_NAME)";
				SWIFT_VERSION = 3.0;
			};
			name = Release;
		};
/* End XCBuildConfiguration section */

/* Begin XCConfigurationList section */
		2311C2BD1F8D58C80069DB17 /* Build configuration list for PBXProject "RepoViewer" */ = {
			isa = XCConfigurationList;
			buildConfigurations = (
				2311C2D51F8D58C90069DB17 /* Debug */,
				2311C2D61F8D58C90069DB17 /* Release */,
			);
			defaultConfigurationIsVisible = 0;
			defaultConfigurationName = Release;
		};
		2311C2D71F8D58C90069DB17 /* Build configuration list for PBXNativeTarget "RepoViewer" */ = {
			isa = XCConfigurationList;
			buildConfigurations = (
				2311C2D81F8D58C90069DB17 /* Debug */,
				2311C2D91F8D58C90069DB17 /* Release */,
			);
			defaultConfigurationIsVisible = 0;
		};
/* End XCConfigurationList section */

/* Begin XCVersionGroup section */
		2311C2CC1F8D58C90069DB17 /* RepoViewer.xcdatamodeld */ = {
			isa = XCVersionGroup;
			children = (
				2311C2CD1F8D58C90069DB17 /* RepoViewer.xcdatamodel */,
			);
			currentVersion = 2311C2CD1F8D58C90069DB17 /* RepoViewer.xcdatamodel */;
			path = RepoViewer.xcdatamodeld;
			sourceTree = "<group>";
			versionGroupType = wrapper.xcdatamodel;
		};
/* End XCVersionGroup section */
	};
	rootObject = 2311C2BA1F8D58C80069DB17 /* Project object */;
}
